# This file is automatically @generated by Cargo.
# It is not intended for manual editing.
version = 4

[[package]]
name = "pdxl-ast"
version = "0.1.0"
dependencies = [
 "pdxl-lexer",
 "pdxl-src",
]

[[package]]
name = "pdxl-fileset"
version = "0.1.0"
dependencies = [
 "pdxl-path",
 "pdxl-testutil",
]

[[package]]
name = "pdxl-lexer"
version = "0.1.0"
dependencies = [
 "pdxl-src",
]

[[package]]
name = "pdxl-moddesc"
version = "0.1.0"
dependencies = [
 "pdxl-parser",
 "pdxl-path",
 "pdxl-testutil",
]

[[package]]
name = "pdxl-parity"
version = "0.1.0"
dependencies = [
 "pdxl-ast",
 "pdxl-fileset",
 "pdxl-lexer",
 "pdxl-moddesc",
 "pdxl-parser",
 "pdxl-path",
 "pdxl-src",
 "pdxl-testutil",
]

[[package]]
name = "pdxl-parser"
version = "0.1.0"
dependencies = [
 "pdxl-ast",
 "pdxl-lexer",
 "pdxl-src",
 "pdxl-testutil",
]

[[package]]
name = "pdxl-path"
version = "0.1.0"

[[package]]
name = "pdxl-src"
version = "0.1.0"

[[package]]
name = "pdxl-testutil"
version = "0.1.0"
